Microsoft Visual Studio Solution File, Format Version 12.00
# Visual Studio Version 17
VisualStudioVersion = 17.0.31903.59
MinimumVisualStudioVersion = 10.0.40219.1
Project("{FAE04EC0-301F-11D3-BF4B-00C04F79EFBC}") = "CodexRouter.Domain", "src\CodexRouter.Domain\CodexRouter.Domain.csproj", "{10000000-0000-4000-8000-000000000001}"
EndProject
Project("{FAE04EC0-301F-11D3-BF4B-00C04F79EFBC}") = "CodexRouter.Protocol", "src\CodexRouter.Protocol\CodexRouter.Protocol.csproj", "{10000000-0000-4000-8000-000000000002}"
EndProject
Project("{FAE04EC0-301F-11D3-BF4B-00C04F79EFBC}") = "CodexRouter.Storage", "src\CodexRouter.Storage\CodexRouter.Storage.csproj", "{10000000-0000-4000-8000-000000000003}"
EndProject
Project("{FAE04EC0-301F-11D3-BF4B-00C04F79EFBC}") = "CodexRouter.Workers", "src\CodexRouter.Workers\CodexRouter.Workers.csproj", "{10000000-0000-4000-8000-000000000004}"
EndProject
Project("{FAE04EC0-301F-11D3-BF4B-00C04F79EFBC}") = "CodexRouter.Accounts", "src\CodexRouter.Accounts\CodexRouter.Accounts.csproj", "{10000000-0000-4000-8000-000000000005}"
EndProject
Project("{FAE04EC0-301F-11D3-BF4B-00C04F79EFBC}") = "CodexRouter.Routing", "src\CodexRouter.Routing\CodexRouter.Routing.csproj", "{10000000-0000-4000-8000-000000000006}"
EndProject
Project("{FAE04EC0-301F-11D3-BF4B-00C04F79EFBC}") = "CodexRouter.Rpc", "src\CodexRouter.Rpc\CodexRouter.Rpc.csproj", "{10000000-0000-4000-8000-000000000007}"
EndProject
Project("{FAE04EC0-301F-11D3-BF4B-00C04F79EFBC}") = "CodexRouter.Migration", "src\CodexRouter.Migration\CodexRouter.Migration.csproj", "{10000000-0000-4000-8000-000000000008}"
EndProject
Project("{FAE04EC0-301F-11D3-BF4B-00C04F79EFBC}") = "CodexRouter.Host", "src\CodexRouter.Host\CodexRouter.Host.csproj", "{10000000-0000-4000-8000-000000000009}"
EndProject
Project("{FAE04EC0-301F-11D3-BF4B-00C04F79EFBC}") = "CodexRouter.Control", "src\CodexRouter.Control\CodexRouter.Control.csproj", "{10000000-0000-4000-8000-000000000010}"
EndProject
Project("{FAE04EC0-301F-11D3-BF4B-00C04F79EFBC}") = "CodexRouter.Maintenance", "src\CodexRouter.Maintenance\CodexRouter.Maintenance.csproj", "{10000000-0000-4000-8000-000000000011}"
EndProject
Project("{FAE04EC0-301F-11D3-BF4B-00C04F79EFBC}") = "CodexRouter.Cli", "apps\CodexRouter.Cli\CodexRouter.Cli.csproj", "{20000000-0000-4000-8000-000000000001}"
EndProject
Project("{FAE04EC0-301F-11D3-BF4B-00C04F79EFBC}") = "CodexRouter.Overlay", "apps\CodexRouter.Overlay\CodexRouter.Overlay.csproj", "{20000000-0000-4000-8000-000000000002}"
EndProject
Project("{FAE04EC0-301F-11D3-BF4B-00C04F79EFBC}") = "CodexRouter.Setup", "apps\CodexRouter.Setup\CodexRouter.Setup.csproj", "{20000000-0000-4000-8000-000000000003}"
EndProject
Project("{FAE04EC0-301F-11D3-BF4B-00C04F79EFBC}") = "CodexRouter.Accounts.Tests", "tests\CodexRouter.Accounts.Tests\CodexRouter.Accounts.Tests.csproj", "{30000000-0000-4000-8000-000000000001}"
EndProject
Project("{FAE04EC0-301F-11D3-BF4B-00C04F79EFBC}") = "CodexRouter.Control.Tests", "tests\CodexRouter.Control.Tests\CodexRouter.Control.Tests.csproj", "{30000000-0000-4000-8000-000000000002}"
EndProject
Project("{FAE04EC0-301F-11D3-BF4B-00C04F79EFBC}") = "CodexRouter.Domain.Tests", "tests\CodexRouter.Domain.Tests\CodexRouter.Domain.Tests.csproj", "{30000000-0000-4000-8000-000000000003}"
EndProject
Project("{FAE04EC0-301F-11D3-BF4B-00C04F79EFBC}") = "CodexRouter.Host.Tests", "tests\CodexRouter.Host.Tests\CodexRouter.Host.Tests.csproj", "{30000000-0000-4000-8000-000000000004}"
EndProject
Project("{FAE04EC0-301F-11D3-BF4B-00C04F79EFBC}") = "CodexRouter.Maintenance.Tests", "tests\CodexRouter.Maintenance.Tests\CodexRouter.Maintenance.Tests.csproj", "{30000000-0000-4000-8000-000000000005}"
EndProject
Project("{FAE04EC0-301F-11D3-BF4B-00C04F79EFBC}") = "CodexRouter.Migration.Tests", "tests\CodexRouter.Migration.Tests\CodexRouter.Migration.Tests.csproj", "{30000000-0000-4000-8000-000000000006}"
EndProject
Project("{FAE04EC0-301F-11D3-BF4B-00C04F79EFBC}") = "CodexRouter.Overlay.Tests", "tests\CodexRouter.Overlay.Tests\CodexRouter.Overlay.Tests.csproj", "{30000000-0000-4000-8000-000000000007}"
EndProject
Project("{FAE04EC0-301F-11D3-BF4B-00C04F79EFBC}") = "CodexRouter.Protocol.Tests", "tests\CodexRouter.Protocol.Tests\CodexRouter.Protocol.Tests.csproj", "{30000000-0000-4000-8000-000000000008}"
EndProject
Project("{FAE04EC0-301F-11D3-BF4B-00C04F79EFBC}") = "CodexRouter.Routing.Tests", "tests\CodexRouter.Routing.Tests\CodexRouter.Routing.Tests.csproj", "{30000000-0000-4000-8000-000000000009}"
EndProject
Project("{FAE04EC0-301F-11D3-BF4B-00C04F79EFBC}") = "CodexRouter.Rpc.Tests", "tests\CodexRouter.Rpc.Tests\CodexRouter.Rpc.Tests.csproj", "{30000000-0000-4000-8000-000000000010}"
EndProject
Project("{FAE04EC0-301F-11D3-BF4B-00C04F79EFBC}") = "CodexRouter.Storage.Tests", "tests\CodexRouter.Storage.Tests\CodexRouter.Storage.Tests.csproj", "{30000000-0000-4000-8000-000000000011}"
EndProject
Project("{FAE04EC0-301F-11D3-BF4B-00C04F79EFBC}") = "CodexRouter.Workers.Tests", "tests\CodexRouter.Workers.Tests\CodexRouter.Workers.Tests.csproj", "{30000000-0000-4000-8000-000000000012}"
EndProject
Project("{FAE04EC0-301F-11D3-BF4B-00C04F79EFBC}") = "CodexRouter.FakeAppServer", "tests\CodexRouter.FakeAppServer\CodexRouter.FakeAppServer.csproj", "{30000000-0000-4000-8000-000000000013}"
EndProject
Global
	GlobalSection(SolutionConfigurationPlatforms) = preSolution
		Debug|Any CPU = Debug|Any CPU
		Release|Any CPU = Release|Any CPU
	EndGlobalSection
	GlobalSection(ProjectConfigurationPlatforms) = postSolution
		{10000000-0000-4000-8000-000000000001}.Debug|Any CPU.ActiveCfg = Debug|Any CPU
		{10000000-0000-4000-8000-000000000001}.Debug|Any CPU.Build.0 = Debug|Any CPU
		{10000000-0000-4000-8000-000000000001}.Release|Any CPU.ActiveCfg = Release|Any CPU
		{10000000-0000-4000-8000-000000000001}.Release|Any CPU.Build.0 = Release|Any CPU
		{10000000-0000-4000-8000-000000000002}.Debug|Any CPU.ActiveCfg = Debug|Any CPU
		{10000000-0000-4000-8000-000000000002}.Debug|Any CPU.Build.0 = Debug|Any CPU
		{10000000-0000-4000-8000-000000000002}.Release|Any CPU.ActiveCfg = Release|Any CPU
		{10000000-0000-4000-8000-000000000002}.Release|Any CPU.Build.0 = Release|Any CPU
		{10000000-0000-4000-8000-000000000003}.Debug|Any CPU.ActiveCfg = Debug|Any CPU
		{10000000-0000-4000-8000-000000000003}.Debug|Any CPU.Build.0 = Debug|Any CPU
		{10000000-0000-4000-8000-000000000003}.Release|Any CPU.ActiveCfg = Release|Any CPU
		{10000000-0000-4000-8000-000000000003}.Release|Any CPU.Build.0 = Release|Any CPU
		{10000000-0000-4000-8000-000000000004}.Debug|Any CPU.ActiveCfg = Debug|Any CPU
		{10000000-0000-4000-8000-000000000004}.Debug|Any CPU.Build.0 = Debug|Any CPU
		{10000000-0000-4000-8000-000000000004}.Release|Any CPU.ActiveCfg = Release|Any CPU
		{10000000-0000-4000-8000-000000000004}.Release|Any CPU.Build.0 = Release|Any CPU
		{10000000-0000-4000-8000-000000000005}.Debug|Any CPU.ActiveCfg = Debug|Any CPU
		{10000000-0000-4000-8000-000000000005}.Debug|Any CPU.Build.0 = Debug|Any CPU
		{10000000-0000-4000-8000-000000000005}.Release|Any CPU.ActiveCfg = Release|Any CPU
		{10000000-0000-4000-8000-000000000005}.Release|Any CPU.Build.0 = Release|Any CPU
		{10000000-0000-4000-8000-000000000006}.Debug|Any CPU.ActiveCfg = Debug|Any CPU
		{10000000-0000-4000-8000-000000000006}.Debug|Any CPU.Build.0 = Debug|Any CPU
		{10000000-0000-4000-8000-000000000006}.Release|Any CPU.ActiveCfg = Release|Any CPU
		{10000000-0000-4000-8000-000000000006}.Release|Any CPU.Build.0 = Release|Any CPU
		{10000000-0000-4000-8000-000000000007}.Debug|Any CPU.ActiveCfg = Debug|Any CPU
		{10000000-0000-4000-8000-000000000007}.Debug|Any CPU.Build.0 = Debug|Any CPU
		{10000000-0000-4000-8000-000000000007}.Release|Any CPU.ActiveCfg = Release|Any CPU
		{10000000-0000-4000-8000-000000000007}.Release|Any CPU.Build.0 = Release|Any CPU
		{10000000-0000-4000-8000-000000000008}.Debug|Any CPU.ActiveCfg = Debug|Any CPU
		{10000000-0000-4000-8000-000000000008}.Debug|Any CPU.Build.0 = Debug|Any CPU
		{10000000-0000-4000-8000-000000000008}.Release|Any CPU.ActiveCfg = Release|Any CPU
		{10000000-0000-4000-8000-000000000008}.Release|Any CPU.Build.0 = Release|Any CPU
		{10000000-0000-4000-8000-000000000009}.Debug|Any CPU.ActiveCfg = Debug|Any CPU
		{10000000-0000-4000-8000-000000000009}.Debug|Any CPU.Build.0 = Debug|Any CPU
		{10000000-0000-4000-8000-000000000009}.Release|Any CPU.ActiveCfg = Release|Any CPU
		{10000000-0000-4000-8000-000000000009}.Release|Any CPU.Build.0 = Release|Any CPU
		{10000000-0000-4000-8000-000000000010}.Debug|Any CPU.ActiveCfg = Debug|Any CPU
		{10000000-0000-4000-8000-000000000010}.Debug|Any CPU.Build.0 = Debug|Any CPU
		{10000000-0000-4000-8000-000000000010}.Release|Any CPU.ActiveCfg = Release|Any CPU
		{10000000-0000-4000-8000-000000000010}.Release|Any CPU.Build.0 = Release|Any CPU
		{10000000-0000-4000-8000-000000000011}.Debug|Any CPU.ActiveCfg = Debug|Any CPU
		{10000000-0000-4000-8000-000000000011}.Debug|Any CPU.Build.0 = Debug|Any CPU
		{10000000-0000-4000-8000-000000000011}.Release|Any CPU.ActiveCfg = Release|Any CPU
		{10000000-0000-4000-8000-000000000011}.Release|Any CPU.Build.0 = Release|Any CPU
		{20000000-0000-4000-8000-000000000001}.Debug|Any CPU.ActiveCfg = Debug|Any CPU
		{20000000-0000-4000-8000-000000000001}.Debug|Any CPU.Build.0 = Debug|Any CPU
		{20000000-0000-4000-8000-000000000001}.Release|Any CPU.ActiveCfg = Release|Any CPU
		{20000000-0000-4000-8000-000000000001}.Release|Any CPU.Build.0 = Release|Any CPU
		{20000000-0000-4000-8000-000000000002}.Debug|Any CPU.ActiveCfg = Debug|Any CPU
		{20000000-0000-4000-8000-000000000002}.Debug|Any CPU.Build.0 = Debug|Any CPU
		{20000000-0000-4000-8000-000000000002}.Release|Any CPU.ActiveCfg = Release|Any CPU
		{20000000-0000-4000-8000-000000000002}.Release|Any CPU.Build.0 = Release|Any CPU
		{20000000-0000-4000-8000-000000000003}.Debug|Any CPU.ActiveCfg = Debug|Any CPU
		{20000000-0000-4000-8000-000000000003}.Debug|Any CPU.Build.0 = Debug|Any CPU
		{20000000-0000-4000-8000-000000000003}.Release|Any CPU.ActiveCfg = Release|Any CPU
		{20000000-0000-4000-8000-000000000003}.Release|Any CPU.Build.0 = Release|Any CPU
		{30000000-0000-4000-8000-000000000001}.Debug|Any CPU.ActiveCfg = Debug|Any CPU
		{30000000-0000-4000-8000-000000000001}.Debug|Any CPU.Build.0 = Debug|Any CPU
		{30000000-0000-4000-8000-000000000001}.Release|Any CPU.ActiveCfg = Release|Any CPU
		{30000000-0000-4000-8000-000000000001}.Release|Any CPU.Build.0 = Release|Any CPU
		{30000000-0000-4000-8000-000000000002}.Debug|Any CPU.ActiveCfg = Debug|Any CPU
		{30000000-0000-4000-8000-000000000002}.Debug|Any CPU.Build.0 = Debug|Any CPU
		{30000000-0000-4000-8000-000000000002}.Release|Any CPU.ActiveCfg = Release|Any CPU
		{30000000-0000-4000-8000-000000000002}.Release|Any CPU.Build.0 = Release|Any CPU
		{30000000-0000-4000-8000-000000000003}.Debug|Any CPU.ActiveCfg = Debug|Any CPU
		{30000000-0000-4000-8000-000000000003}.Debug|Any CPU.Build.0 = Debug|Any CPU
		{30000000-0000-4000-8000-000000000003}.Release|Any CPU.ActiveCfg = Release|Any CPU
		{30000000-0000-4000-8000-000000000003}.Release|Any CPU.Build.0 = Release|Any CPU
		{30000000-0000-4000-8000-000000000004}.Debug|Any CPU.ActiveCfg = Debug|Any CPU
		{30000000-0000-4000-8000-000000000004}.Debug|Any CPU.Build.0 = Debug|Any CPU
		{30000000-0000-4000-8000-000000000004}.Release|Any CPU.ActiveCfg = Release|Any CPU
		{30000000-0000-4000-8000-000000000004}.Release|Any CPU.Build.0 = Release|Any CPU
		{30000000-0000-4000-8000-000000000005}.Debug|Any CPU.ActiveCfg = Debug|Any CPU
		{30000000-0000-4000-8000-000000000005}.Debug|Any CPU.Build.0 = Debug|Any CPU
		{30000000-0000-4000-8000-000000000005}.Release|Any CPU.ActiveCfg = Release|Any CPU
		{30000000-0000-4000-8000-000000000005}.Release|Any CPU.Build.0 = Release|Any CPU
		{30000000-0000-4000-8000-000000000006}.Debug|Any CPU.ActiveCfg = Debug|Any CPU
		{30000000-0000-4000-8000-000000000006}.Debug|Any CPU.Build.0 = Debug|Any CPU
		{30000000-0000-4000-8000-000000000006}.Release|Any CPU.ActiveCfg = Release|Any CPU
		{30000000-0000-4000-8000-000000000006}.Release|Any CPU.Build.0 = Release|Any CPU
		{30000000-0000-4000-8000-000000000007}.Debug|Any CPU.ActiveCfg = Debug|Any CPU
		{30000000-0000-4000-8000-000000000007}.Debug|Any CPU.Build.0 = Debug|Any CPU
		{30000000-0000-4000-8000-000000000007}.Release|Any CPU.ActiveCfg = Release|Any CPU
		{30000000-0000-4000-8000-000000000007}.Release|Any CPU.Build.0 = Release|Any CPU
		{30000000-0000-4000-8000-000000000008}.Debug|Any CPU.ActiveCfg = Debug|Any CPU
		{30000000-0000-4000-8000-000000000008}.Debug|Any CPU.Build.0 = Debug|Any CPU
		{30000000-0000-4000-8000-000000000008}.Release|Any CPU.ActiveCfg = Release|Any CPU
		{30000000-0000-4000-8000-000000000008}.Release|Any CPU.Build.0 = Release|Any CPU
		{30000000-0000-4000-8000-000000000009}.Debug|Any CPU.ActiveCfg = Debug|Any CPU
		{30000000-0000-4000-8000-000000000009}.Debug|Any CPU.Build.0 = Debug|Any CPU
		{30000000-0000-4000-8000-000000000009}.Release|Any CPU.ActiveCfg = Release|Any CPU
		{30000000-0000-4000-8000-000000000009}.Release|Any CPU.Build.0 = Release|Any CPU
		{30000000-0000-4000-8000-000000000010}.Debug|Any CPU.ActiveCfg = Debug|Any CPU
		{30000000-0000-4000-8000-000000000010}.Debug|Any CPU.Build.0 = Debug|Any CPU
		{30000000-0000-4000-8000-000000000010}.Release|Any CPU.ActiveCfg = Release|Any CPU
		{30000000-0000-4000-8000-000000000010}.Release|Any CPU.Build.0 = Release|Any CPU
		{30000000-0000-4000-8000-000000000011}.Debug|Any CPU.ActiveCfg = Debug|Any CPU
		{30000000-0000-4000-8000-000000000011}.Debug|Any CPU.Build.0 = Debug|Any CPU
		{30000000-0000-4000-8000-000000000011}.Release|Any CPU.ActiveCfg = Release|Any CPU
		{30000000-0000-4000-8000-000000000011}.Release|Any CPU.Build.0 = Release|Any CPU
		{30000000-0000-4000-8000-000000000012}.Debug|Any CPU.ActiveCfg = Debug|Any CPU
		{30000000-0000-4000-8000-000000000012}.Debug|Any CPU.Build.0 = Debug|Any CPU
		{30000000-0000-4000-8000-000000000012}.Release|Any CPU.ActiveCfg = Release|Any CPU
		{30000000-0000-4000-8000-000000000012}.Release|Any CPU.Build.0 = Release|Any CPU
		{30000000-0000-4000-8000-000000000013}.Debug|Any CPU.ActiveCfg = Debug|Any CPU
		{30000000-0000-4000-8000-000000000013}.Debug|Any CPU.Build.0 = Debug|Any CPU
		{30000000-0000-4000-8000-000000000013}.Release|Any CPU.ActiveCfg = Release|Any CPU
		{30000000-0000-4000-8000-000000000013}.Release|Any CPU.Build.0 = Release|Any CPU
	EndGlobalSection
EndGlobal
